
Microsoft Visual Studio Solution File, Format Version 12.00
# Visual Studio 15
VisualStudioVersion = 15.0.28010.2026
MinimumVisualStudioVersion = 10.0.40219.1
Project("{FAE04EC0-301F-11D3-BF4B-00C04F79EFBC}") = "FYP Management System", "FYP Management System\FYP Management System.csproj", "{B89FE4B6-55FD-4FD5-A93E-D61F8362B50A}"
EndProject
Global
	GlobalSection(SolutionConfigurationPlatforms) = preSolution
		Debug|Any CPU = Debug|Any CPU
		Release|Any CPU = Release|Any CPU
	EndGlobalSection
	GlobalSection(ProjectConfigurationPlatforms) = postSolution
		{B89FE4B6-55FD-4FD5-A93E-D61F8362B50A}.Debug|Any CPU.ActiveCfg = Debug|Any CPU
		{B89FE4B6-55FD-4FD5-A93E-D61F8362B50A}.Debug|Any CPU.Build.0 = Debug|Any CPU
		{B89FE4B6-55FD-4FD5-A93E-D61F8362B50A}.Release|Any CPU.ActiveCfg = Release|Any CPU
		{B89FE4B6-55FD-4FD5-A93E-D61F8362B50A}.Release|Any CPU.Build.0 = Release|Any CPU
	EndGlobalSection
	GlobalSection(SolutionProperties) = preSolution
		HideSolutionNode = FALSE
	EndGlobalSection
	GlobalSection(ExtensibilityGlobals) = postSolution
		SolutionGuid = {C5968B10-539E-4BFB-9DDB-90AEB249D85B}
	EndGlobalSection
EndGlobal
